
Microsoft Visual Studio Solution File, Format Version 12.00
# Visual Studio Version 17
VisualStudioVersion = 17.9.34607.119
MinimumVisualStudioVersion = 10.0.40219.1
Project("{FAE04EC0-301F-11D3-BF4B-00C04F79EFBC}") = "Invoice Demo Ver 1.0", "Invoice Demo Ver 1.0\Invoice Demo Ver 1.0.csproj", "{A7984BA2-66A2-4513-B051-4E2171A95D0E}"
EndProject
Global
	GlobalSection(SolutionConfigurationPlatforms) = preSolution
		Debug|Any CPU = Debug|Any CPU
		Release|Any CPU = Release|Any CPU
	EndGlobalSection
	GlobalSection(ProjectConfigurationPlatforms) = postSolution
		{A7984BA2-66A2-4513-B051-4E2171A95D0E}.Debug|Any CPU.ActiveCfg = Debug|Any CPU
		{A7984BA2-66A2-4513-B051-4E2171A95D0E}.Debug|Any CPU.Build.0 = Debug|Any CPU
		{A7984BA2-66A2-4513-B051-4E2171A95D0E}.Release|Any CPU.ActiveCfg = Release|Any CPU
		{A7984BA2-66A2-4513-B051-4E2171A95D0E}.Release|Any CPU.Build.0 = Release|Any CPU
	EndGlobalSection
	GlobalSection(SolutionProperties) = preSolution
		HideSolutionNode = FALSE
	EndGlobalSection
	GlobalSection(ExtensibilityGlobals) = postSolution
		SolutionGuid = {FB1EBFFF-7FD5-4F9E-9028-C680660155F5}
	EndGlobalSection
EndGlobal
